
Microsoft Visual Studio Solution File, Format Version 12.00
Project("{FAE04EC0-301F-11D3-BF4B-00C04F79EFBC}") = "JCS06", "JCS06\JCS06.csproj", "{A8FB2CD0-326A-4BE2-B68C-16F26CDBD92D}"
EndProject
Global
	GlobalSection(SolutionConfigurationPlatforms) = preSolution
		Debug|Any CPU = Debug|Any CPU
		Release|Any CPU = Release|Any CPU
	EndGlobalSection
	GlobalSection(ProjectConfigurationPlatforms) = postSolution
		{A8FB2CD0-326A-4BE2-B68C-16F26CDBD92D}.Debug|Any CPU.ActiveCfg = Debug|Any CPU
		{A8FB2CD0-326A-4BE2-B68C-16F26CDBD92D}.Debug|Any CPU.Build.0 = Debug|Any CPU
		{A8FB2CD0-326A-4BE2-B68C-16F26CDBD92D}.Release|Any CPU.ActiveCfg = Release|Any CPU
		{A8FB2CD0-326A-4BE2-B68C-16F26CDBD92D}.Release|Any CPU.Build.0 = Release|Any CPU
	EndGlobalSection
EndGlobal
