
Microsoft Visual Studio Solution File, Format Version 12.00
Project("{FAE04EC0-301F-11D3-BF4B-00C04F79EFBC}") = "JCS04", "JCS04\JCS04.csproj", "{93E360A6-C8F4-4A1F-A0CB-AE2294BD2255}"
EndProject
Global
	GlobalSection(SolutionConfigurationPlatforms) = preSolution
		Debug|Any CPU = Debug|Any CPU
		Release|Any CPU = Release|Any CPU
	EndGlobalSection
	GlobalSection(ProjectConfigurationPlatforms) = postSolution
		{93E360A6-C8F4-4A1F-A0CB-AE2294BD2255}.Debug|Any CPU.ActiveCfg = Debug|Any CPU
		{93E360A6-C8F4-4A1F-A0CB-AE2294BD2255}.Debug|Any CPU.Build.0 = Debug|Any CPU
		{93E360A6-C8F4-4A1F-A0CB-AE2294BD2255}.Release|Any CPU.ActiveCfg = Release|Any CPU
		{93E360A6-C8F4-4A1F-A0CB-AE2294BD2255}.Release|Any CPU.Build.0 = Release|Any CPU
	EndGlobalSection
EndGlobal
