
Microsoft Visual Studio Solution File, Format Version 12.00
Project("{FAE04EC0-301F-11D3-BF4B-00C04F79EFBC}") = "JCS02", "JCS02\JCS02.csproj", "{A3219FF1-3411-451F-9BDF-F333992BC800}"
EndProject
Global
	GlobalSection(SolutionConfigurationPlatforms) = preSolution
		Debug|Any CPU = Debug|Any CPU
		Release|Any CPU = Release|Any CPU
	EndGlobalSection
	GlobalSection(ProjectConfigurationPlatforms) = postSolution
		{A3219FF1-3411-451F-9BDF-F333992BC800}.Debug|Any CPU.ActiveCfg = Debug|Any CPU
		{A3219FF1-3411-451F-9BDF-F333992BC800}.Debug|Any CPU.Build.0 = Debug|Any CPU
		{A3219FF1-3411-451F-9BDF-F333992BC800}.Release|Any CPU.ActiveCfg = Release|Any CPU
		{A3219FF1-3411-451F-9BDF-F333992BC800}.Release|Any CPU.Build.0 = Release|Any CPU
	EndGlobalSection
EndGlobal
