
Microsoft Visual Studio Solution File, Format Version 12.00
Project("{FAE04EC0-301F-11D3-BF4B-00C04F79EFBC}") = "JCS03", "JCS03\JCS03.csproj", "{CCF5D9DC-6C02-4948-9715-AD82AB60EA7D}"
EndProject
Global
	GlobalSection(SolutionConfigurationPlatforms) = preSolution
		Debug|Any CPU = Debug|Any CPU
		Release|Any CPU = Release|Any CPU
	EndGlobalSection
	GlobalSection(ProjectConfigurationPlatforms) = postSolution
		{CCF5D9DC-6C02-4948-9715-AD82AB60EA7D}.Debug|Any CPU.ActiveCfg = Debug|Any CPU
		{CCF5D9DC-6C02-4948-9715-AD82AB60EA7D}.Debug|Any CPU.Build.0 = Debug|Any CPU
		{CCF5D9DC-6C02-4948-9715-AD82AB60EA7D}.Release|Any CPU.ActiveCfg = Release|Any CPU
		{CCF5D9DC-6C02-4948-9715-AD82AB60EA7D}.Release|Any CPU.Build.0 = Release|Any CPU
	EndGlobalSection
EndGlobal
